
Microsoft Visual Studio Solution File, Format Version 12.00
# Visual Studio Version 16
VisualStudioVersion = 16.0.30804.86
MinimumVisualStudioVersion = 10.0.40219.1
Project("{FAE04EC0-301F-11D3-BF4B-00C04F79EFBC}") = "Star", "Star.csproj", "{3E10EC03-0F34-410E-9932-6D14DA2FE527}"
EndProject
Global
	GlobalSection(SolutionConfigurationPlatforms) = preSolution
		Debug|Any CPU = Debug|Any CPU
		Release|Any CPU = Release|Any CPU
	EndGlobalSection
	GlobalSection(ProjectConfigurationPlatforms) = postSolution
		{3E10EC03-0F34-410E-9932-6D14DA2FE527}.Debug|Any CPU.ActiveCfg = Debug|Any CPU
		{3E10EC03-0F34-410E-9932-6D14DA2FE527}.Debug|Any CPU.Build.0 = Debug|Any CPU
		{3E10EC03-0F34-410E-9932-6D14DA2FE527}.Release|Any CPU.ActiveCfg = Release|Any CPU
		{3E10EC03-0F34-410E-9932-6D14DA2FE527}.Release|Any CPU.Build.0 = Release|Any CPU
	EndGlobalSection
	GlobalSection(SolutionProperties) = preSolution
		HideSolutionNode = FALSE
	EndGlobalSection
	GlobalSection(ExtensibilityGlobals) = postSolution
		SolutionGuid = {8F1E2717-E892-42EF-AE89-ECAD28242926}
	EndGlobalSection
EndGlobal
